// !$*UTF8*$!
{
	archiveVersion = 1;
	classes = {
	};
	objectVersion = 46;
	objects = {

/* Begin PBXBuildFile section */
		8D67B3001DDFEA6E0049A3DD /* main.m in Sources */ = {isa = PBXBuildFile; fileRef = 8D67B2FF1DDFEA6E0049A3DD /* main.m */; };
		8D67B3031DDFEA6E0049A3DD /* AppDelegate.m in Sources */ = {isa = PBXBuildFile; fileRef = 8D67B3021DDFEA6E0049A3DD /* AppDelegate.m */; };
		8D67B30B1DDFEA6E0049A3DD /* Assets.xcassets in Resources */ = {isa = PBXBuildFile; fileRef = 8D67B30A1DDFEA6E0049A3DD /* Assets.xcassets */; };
		8D67B30E1DDFEA6E0049A3DD /* LaunchScreen.storyboard in Resources */ = {isa = PBXBuildFile; fileRef = 8D67B30C1DDFEA6E0049A3DD /* LaunchScreen.storyboard */; };
		8D67B3171DE000080049A3DD /* MainViewController.m in Sources */ = {isa = PBXBuildFile; fileRef = 8D67B3161DE000080049A3DD /* MainViewController.m */; };
/* End PBXBuildFile section */

/* Begin PBXFileReference section */
		8D67B2FB1DDFEA6E0049A3DD /* ocfirst.app */ = {isa = PBXFileReference; explicitFileType = wrapper.application; includeInIndex = 0; path = ocfirst.app; sourceTree = BUILT_PRODUCTS_DIR; };
		8D67B2FF1DDFEA6E0049A3DD /* main.m */ = {isa = PBXFileReference; lastKnownFileType = sourcecode.c.objc; path = main.m; sourceTree = "<group>"; };
		8D67B3011DDFEA6E0049A3DD /* AppDelegate.h */ = {isa = PBXFileReference; lastKnownFileType = sourcecode.c.h; path = AppDelegate.h; sourceTree = "<group>"; };
		8D67B3021DDFEA6E0049A3DD /* AppDelegate.m */ = {isa = PBXFileReference; lastKnownFileType = sourcecode.c.objc; path = AppDelegate.m; sourceTree = "<group>"; };
		8D67B30A1DDFEA6E0049A3DD /* Assets.xcassets */ = {isa = PBXFileReference; lastKnownFileType = folder.assetcatalog; path = Assets.xcassets; sourceTree = "<group>"; };
		8D67B30D1DDFEA6E0049A3DD /* Base */ = {isa = PBXFileReference; lastKnownFileType = file.storyboard; name = Base; path = Base.lproj/LaunchScreen.storyboard; sourceTree = "<group>"; };
		8D67B30F1DDFEA6E0049A3DD /* Info.plist */ = {isa = PBXFileReference; lastKnownFileType = text.plist.xml; path = Info.plist; sourceTree = "<group>"; };
		8D67B3151DE000080049A3DD /* MainViewController.h */ = {isa = PBXFileReference; fileEncoding = 4; lastKnownFileType = sourcecode.c.h; path = MainViewController.h; sourceTree = "<group>"; };
		8D67B3161DE000080049A3DD /* MainViewController.m */ = {isa = PBXFileReference; fileEncoding = 4; lastKnownFileType = sourcecode.c.objc; path = MainViewController.m; sourceTree = "<group>"; };
/* End PBXFileReference section */

/* Begin PBXFrameworksBuildPhase section */
		8D67B2F81DDFEA6E0049A3DD /* Frameworks */ = {
			isa = PBXFrameworksBuildPhase;
			buildActionMask = 2147483647;
			files = (
			);
			runOnlyForDeploymentPostprocessing = 0;
		};
/* End PBXFrameworksBuildPhase section */

/* Begin PBXGroup section */
		8D67B2F21DDFEA6E0049A3DD = {
			isa = PBXGroup;
			children = (
				8D67B2FD1DDFEA6E0049A3DD /* ocfirst */,
				8D67B2FC1DDFEA6E0049A3DD /* Products */,
			);
			sourceTree = "<group>";
		};
		8D67B2FC1DDFEA6E0049A3DD /* Products */ = {
			isa = PBXGroup;
			children = (
				8D67B2FB1DDFEA6E0049A3DD /* ocfirst.app */,
			);
			name = Products;
			sourceTree = "<group>";
		};
		8D67B2FD1DDFEA6E0049A3DD /* ocfirst */ = {
			isa = PBXGroup;
			children = (
				8D67B3011DDFEA6E0049A3DD /* AppDelegate.h */,
				8D67B3021DDFEA6E0049A3DD /* AppDelegate.m */,
				8D67B3151DE000080049A3DD /* MainViewController.h */,
				8D67B3161DE000080049A3DD /* MainViewController.m */,
				8D67B30A1DDFEA6E0049A3DD /* Assets.xcassets */,
				8D67B30C1DDFEA6E0049A3DD /* LaunchScreen.storyboard */,
				8D67B30F1DDFEA6E0049A3DD /* Info.plist */,
				8D67B2FE1DDFEA6E0049A3DD /* Supporting Files */,
			);
			path = ocfirst;
			sourceTree = "<group>";
		};
		8D67B2FE1DDFEA6E0049A3DD /* Supporting Files */ = {
			isa = PBXGroup;
			children = (
				8D67B2FF1DDFEA6E0049A3DD /* main.m */,
			);
			name = "Supporting Files";
			sourceTree = "<group>";
		};
/* End PBXGroup section */

/* Begin PBXNativeTarget section */
		8D67B2FA1DDFEA6E0049A3DD /* ocfirst */ = {
			isa = PBXNativeTarget;
			buildConfigurationList = 8D67B3121DDFEA6E0049A3DD /* Build configuration list for PBXNativeTarget "ocfirst" */;
			buildPhases = (
				8D67B2F71DDFEA6E0049A3DD /* Sources */,
				8D67B2F81DDFEA6E0049A3DD /* Frameworks */,
				8D67B2F91DDFEA6E0049A3DD /* Resources */,
			);
			buildRules = (
			);
			dependencies = (
			);
			name = ocfirst;
			productName = ocfirst;
			productReference = 8D67B2FB1DDFEA6E0049A3DD /* ocfirst.app */;
			productType = "com.apple.product-type.application";
		};
/* End PBXNativeTarget section */

/* Begin PBXProject section */
		8D67B2F31DDFEA6E0049A3DD /* Project object */ = {
			isa = PBXProject;
			attributes = {
				LastUpgradeCheck = 0810;
				ORGANIZATIONNAME = Anlasheng;
				TargetAttributes = {
					8D67B2FA1DDFEA6E0049A3DD = {
						CreatedOnToolsVersion = 8.1;
						DevelopmentTeam = C92S6PN972;
						ProvisioningStyle = Automatic;
					};
				};
			};
			buildConfigurationList = 8D67B2F61DDFEA6E0049A3DD /* Build configuration list for PBXProject "ocfirst" */;
			compatibilityVersion = "Xcode 3.2";
			developmentRegion = English;
			hasScannedForEncodings = 0;
			knownRegions = (
				en,
				Base,
			);
			mainGroup = 8D67B2F21DDFEA6E0049A3DD;
			productRefGroup = 8D67B2FC1DDFEA6E0049A3DD /* Products */;
			projectDirPath = "";
			projectRoot = "";
			targets = (
				8D67B2FA1DDFEA6E0049A3DD /* ocfirst */,
			);
		};
/* End PBXProject section */

/* Begin PBXResourcesBuildPhase section */
		8D67B2F91DDFEA6E0049A3DD /* Resources */ = {
			isa = PBXResourcesBuildPhase;
			buildActionMask = 2147483647;
			files = (
				8D67B30E1DDFEA6E0049A3DD /* LaunchScreen.storyboard in Resources */,
				8D67B30B1DDFEA6E0049A3DD /* Assets.xcassets in Resources */,
			);
			runOnlyForDeploymentPostprocessing = 0;
		};
/* End PBXResourcesBuildPhase section */

/* Begin PBXSourcesBuildPhase section */
		8D67B2F71DDFEA6E0049A3DD /* Sources */ = {
			isa = PBXSourcesBuildPhase;
			buildActionMask = 2147483647;
			files = (
				8D67B3031DDFEA6E0049A3DD /* AppDelegate.m in Sources */,
				8D67B3171DE000080049A3DD /* MainViewController.m in Sources */,
				8D67B3001DDFEA6E0049A3DD /* main.m in Sources */,
			);
			runOnlyForDeploymentPostprocessing = 0;
		};
/* End PBXSourcesBuildPhase section */

/* Begin PBXVariantGroup section */
		8D67B30C1DDFEA6E0049A3DD /* LaunchScreen.storyboard */ = {
			isa = PBXVariantGroup;
			children = (
				8D67B30D1DDFEA6E0049A3DD /* Base */,
			);
			name = LaunchScreen.storyboard;
			sourceTree = "<group>";
		};
/* End PBXVariantGroup section */

/* Begin XCBuildConfiguration section */
		8D67B3101DDFEA6E0049A3DD /* Debug */ = {
			isa = XCBuildConfiguration;
			buildSettings = {
				ALWAYS_SEARCH_USER_PATHS = NO;
				CLANG_ANALYZER_NONNULL = YES;
				CLANG_CXX_LANGUAGE_STANDARD = "gnu++0x";
				CLANG_CXX_LIBRARY = "libc++";
				CLANG_ENABLE_MODULES = YES;
				CLANG_ENABLE_OBJC_ARC = YES;
				CLANG_WARN_BOOL_CONVERSION = YES;
				CLANG_WARN_CONSTANT_CONVERSION = YES;
				CLANG_WARN_DIRECT_OBJC_ISA_USAGE = YES_ERROR;
				CLANG_WARN_DOCUMENTATION_COMMENTS = YES;
				CLANG_WARN_EMPTY_BODY = YES;
				CLANG_WARN_ENUM_CONVERSION = YES;
				CLANG_WARN_INFINITE_RECURSION = YES;
				CLANG_WARN_INT_CONVERSION = YES;
				CLANG_WARN_OBJC_ROOT_CLASS = YES_ERROR;
				CLANG_WARN_SUSPICIOUS_MOVES = YES;
				CLANG_WARN_UNREACHABLE_CODE = YES;
				CLANG_WARN__DUPLICATE_METHOD_MATCH = YES;
				"CODE_SIGN_IDENTITY[sdk=iphoneos*]" = "iPhone Developer";
				COPY_PHASE_STRIP = NO;
				DEBUG_INFORMATION_FORMAT = dwarf;
				ENABLE_STRICT_OBJC_MSGSEND = YES;
				ENABLE_TESTABILITY = YES;
				GCC_C_LANGUAGE_STANDARD = gnu99;
				GCC_DYNAMIC_NO_PIC = NO;
				GCC_NO_COMMON_BLOCKS = YES;
				GCC_OPTIMIZATION_LEVEL = 0;
				GCC_PREPROCESSOR_DEFINITIONS = (
					"DEBUG=1",
					"$(inherited)",
				);
				GCC_WARN_64_TO_32_BIT_CONVERSION = YES;
				GCC_WARN_ABOUT_RETURN_TYPE = YES_ERROR;
				GCC_WARN_UNDECLARED_SELECTOR = YES;
				GCC_WARN_UNINITIALIZED_AUTOS = YES_AGGRESSIVE;
				GCC_WARN_UNUSED_FUNCTION = YES;
				GCC_WARN_UNUSED_VARIABLE = YES;
				IPHONEOS_DEPLOYMENT_TARGET = 10.1;
				MTL_ENABLE_DEBUG_INFO = YES;
				ONLY_ACTIVE_ARCH = YES;
				SDKROOT = iphoneos;
			};
			name = Debug;
		};
		8D67B3111DDFEA6E0049A3DD /* Release */ = {
			isa = XCBuildConfiguration;
			buildSettings = {
				ALWAYS_SEARCH_USER_PATHS = NO;
				CLANG_ANALYZER_NONNULL = YES;
				CLANG_CXX_LANGUAGE_STANDARD = "gnu++0x";
				CLANG_CXX_LIBRARY = "libc++";
				CLANG_ENABLE_MODULES = YES;
				CLANG_ENABLE_OBJC_ARC = YES;
				CLANG_WARN_BOOL_CONVERSION = YES;
				CLANG_WARN_CONSTANT_CONVERSION = YES;
				CLANG_WARN_DIRECT_OBJC_ISA_USAGE = YES_ERROR;
				CLANG_WARN_DOCUMENTATION_COMMENTS = YES;
				CLANG_WARN_EMPTY_BODY = YES;
				CLANG_WARN_ENUM_CONVERSION = YES;
				CLANG_WARN_INFINITE_RECURSION = YES;
				CLANG_WARN_INT_CONVERSION = YES;
				CLANG_WARN_OBJC_ROOT_CLASS = YES_ERROR;
				CLANG_WARN_SUSPICIOUS_MOVES = YES;
				CLANG_WARN_UNREACHABLE_CODE = YES;
				CLANG_WARN__DUPLICATE_METHOD_MATCH = YES;
				"CODE_SIGN_IDENTITY[sdk=iphoneos*]" = "iPhone Developer";
				COPY_PHASE_STRIP = NO;
				DEBUG_INFORMATION_FORMAT = "dwarf-with-dsym";
				ENABLE_NS_ASSERTIONS = NO;
				ENABLE_STRICT_OBJC_MSGSEND = YES;
				GCC_C_LANGUAGE_STANDARD = gnu99;
				GCC_NO_COMMON_BLOCKS = YES;
				GCC_WARN_64_TO_32_BIT_CONVERSION = YES;
				GCC_WARN_ABOUT_RETURN_TYPE = YES_ERROR;
				GCC_WARN_UNDECLARED_SELECTOR = YES;
				GCC_WARN_UNINITIALIZED_AUTOS = YES_AGGRESSIVE;
				GCC_WARN_UNUSED_FUNCTION = YES;
				GCC_WARN_UNUSED_VARIABLE = YES;
				IPHONEOS_DEPLOYMENT_TARGET = 10.1;
				MTL_ENABLE_DEBUG_INFO = NO;
				SDKROOT = iphoneos;
				VALIDATE_PRODUCT = YES;
			};
			name = Release;
		};
		8D67B3131DDFEA6E0049A3DD /* Debug */ = {
			isa = XCBuildConfiguration;
			buildSettings = {
				ASSETCATALOG_COMPILER_APPICON_NAME = AppIcon;
				DEVELOPMENT_TEAM = C92S6PN972;
				INFOPLIST_FILE = ocfirst/Info.plist;
				LD_RUNPATH_SEARCH_PATHS = "$(inherited) @executable_path/Frameworks";
				PRODUCT_BUNDLE_IDENTIFIER = pinla.io.ocfirst;
				PRODUCT_NAME = "$(TARGET_NAME)";
			};
			name = Debug;
		};
		8D67B3141DDFEA6E0049A3DD /* Release */ = {
			isa = XCBuildConfiguration;
			buildSettings = {
				ASSETCATALOG_COMPILER_APPICON_NAME = AppIcon;
				DEVELOPMENT_TEAM = C92S6PN972;
				INFOPLIST_FILE = ocfirst/Info.plist;
				LD_RUNPATH_SEARCH_PATHS = "$(inherited) @executable_path/Frameworks";
				PRODUCT_BUNDLE_IDENTIFIER = pinla.io.ocfirst;
				PRODUCT_NAME = "$(TARGET_NAME)";
			};
			name = Release;
		};
/* End XCBuildConfiguration section */

/* Begin XCConfigurationList section */
		8D67B2F61DDFEA6E0049A3DD /* Build configuration list for PBXProject "ocfirst" */ = {
			isa = XCConfigurationList;
			buildConfigurations = (
				8D67B3101DDFEA6E0049A3DD /* Debug */,
				8D67B3111DDFEA6E0049A3DD /* Release */,
			);
			defaultConfigurationIsVisible = 0;
			defaultConfigurationName = Release;
		};
		8D67B3121DDFEA6E0049A3DD /* Build configuration list for PBXNativeTarget "ocfirst" */ = {
			isa = XCConfigurationList;
			buildConfigurations = (
				8D67B3131DDFEA6E0049A3DD /* Debug */,
				8D67B3141DDFEA6E0049A3DD /* Release */,
			);
			defaultConfigurationIsVisible = 0;
		};
/* End XCConfigurationList section */
	};
	rootObject = 8D67B2F31DDFEA6E0049A3DD /* Project object */;
}
